PODS:
  - AFNetworking/NSURLConnection (2.2.1):
    - AFNetworking/Reachability
    - AFNetworking/Security
    - AFNetworking/Serialization
  - AFNetworking/NSURLSession (2.2.1):
    - AFNetworking/NSURLConnection
  - AFNetworking/Reachability (2.2.1)
  - AFNetworking/Security (2.2.1)
  - AFNetworking/Serialization (2.2.1)
  - AFNetworking/UIKit (2.2.1):
    - AFNetworking/NSURLConnection
    - AFNetworking/NSURLSession
  - FastImageCache (1.2)
  - Haneke (0.0.5)
  - Masonry (0.4.0)
  - SDWebImage (3.5.4):
    - SDWebImage/Core
  - SDWebImage/Core (3.5.4)
  - TMCache (1.2.0)

DEPENDENCIES:
  - AFNetworking/UIKit
  - FastImageCache
  - Haneke
  - Masonry (~> 0.4.0)
  - SDWebImage
  - TMCache

SPEC CHECKSUMS:
  AFNetworking: 0121f4b69be3fa58d1ab317866e036e12ac9651d
  FastImageCache: 3e0a72dd96394bb36759dab9764b219934fa7ea4
  Haneke: 34087f62b25a9b6502fefe934bc258dab94233b4
  Masonry: d673617c9cbc24aaea90fba20b10e47fd9970a39
  SDWebImage: 1a62010700adbba823b621fc217906739dbf6aa5
  TMCache: 4b05e1b124d9f7e8d449640e059cff4cda17ed27

COCOAPODS: 0.29.0
